
Microsoft Visual Studio Solution File, Format Version 12.00
# Visual Studio 15
VisualStudioVersion = 15.0.28307.960
MinimumVisualStudioVersion = 10.0.40219.1
Project("{FAE04EC0-301F-11D3-BF4B-00C04F79EFBC}") = "Experiment", "Experiment\Experiment.csproj", "{452D2B6E-2A2D-4F2F-A34D-E8717007CA46}"
EndProject
Global
	GlobalSection(SolutionConfigurationPlatforms) = preSolution
		Debug|Any CPU = Debug|Any CPU
		Release|Any CPU = Release|Any CPU
	EndGlobalSection
	GlobalSection(ProjectConfigurationPlatforms) = postSolution
		{452D2B6E-2A2D-4F2F-A34D-E8717007CA46}.Debug|Any CPU.ActiveCfg = Debug|Any CPU
		{452D2B6E-2A2D-4F2F-A34D-E8717007CA46}.Debug|Any CPU.Build.0 = Debug|Any CPU
		{452D2B6E-2A2D-4F2F-A34D-E8717007CA46}.Release|Any CPU.ActiveCfg = Release|Any CPU
		{452D2B6E-2A2D-4F2F-A34D-E8717007CA46}.Release|Any CPU.Build.0 = Release|Any CPU
	EndGlobalSection
	GlobalSection(SolutionProperties) = preSolution
		HideSolutionNode = FALSE
	EndGlobalSection
	GlobalSection(ExtensibilityGlobals) = postSolution
		SolutionGuid = {A651CE8B-9C14-4DB0-95EA-A5EBD665D915}
	EndGlobalSection
EndGlobal
